
Microsoft Visual Studio Solution File, Format Version 12.00
# Visual Studio 15
VisualStudioVersion = 15.0.28307.572
MinimumVisualStudioVersion = 10.0.40219.1
Project("{DA7A21FA-8162-4350-AD77-A8D1B671F3ED}") = "FunPlot", "FunPlot.rxproj", "{C132B434-C0AE-44C5-BECD-BF7D4126B0C3}"
EndProject
Global
	GlobalSection(SolutionConfigurationPlatforms) = preSolution
		Debug|Any CPU = Debug|Any CPU
		Release|Any CPU = Release|Any CPU
	EndGlobalSection
	GlobalSection(ProjectConfigurationPlatforms) = postSolution
		{C132B434-C0AE-44C5-BECD-BF7D4126B0C3}.Debug|Any CPU.ActiveCfg = Debug|Any CPU
		{C132B434-C0AE-44C5-BECD-BF7D4126B0C3}.Debug|Any CPU.Build.0 = Debug|Any CPU
		{C132B434-C0AE-44C5-BECD-BF7D4126B0C3}.Release|Any CPU.ActiveCfg = Release|Any CPU
		{C132B434-C0AE-44C5-BECD-BF7D4126B0C3}.Release|Any CPU.Build.0 = Release|Any CPU
	EndGlobalSection
	GlobalSection(SolutionProperties) = preSolution
		HideSolutionNode = FALSE
	EndGlobalSection
	GlobalSection(ExtensibilityGlobals) = postSolution
		SolutionGuid = {9E1BA7DD-4D7C-4D59-BAE9-F6E126BFEDC0}
	EndGlobalSection
EndGlobal
